// !$*UTF8*$!
{
	archiveVersion = 1;
	classes = {
	};
	objectVersion = 50;
	objects = {

/* Begin PBXBuildFile section */
		B919B0C424517597001A5A64 /* UserDetailsView.swift in Sources */ = {isa = PBXBuildFile; fileRef = B919B0C324517597001A5A64 /* UserDetailsView.swift */; };
		B98AC0352451C0770025343B /* FriendDetailsView.swift in Sources */ = {isa = PBXBuildFile; fileRef = B98AC0342451C0770025343B /* FriendDetailsView.swift */; };
		B9BF6CF1244EBB6000DC9B1E /* ContentView.swift in Sources */ = {isa = PBXBuildFile; fileRef = B9BF6CF0244EBB6000DC9B1E /* ContentView.swift */; };
		B9BF6CF3244EBB6900DC9B1E /* Assets.xcassets in Resources */ = {isa = PBXBuildFile; fileRef = B9BF6CF2244EBB6900DC9B1E /* Assets.xcassets */; };
		B9BF6CF6244EBB6900DC9B1E /* Preview Assets.xcassets in Resources */ = {isa = PBXBuildFile; fileRef = B9BF6CF5244EBB6900DC9B1E /* Preview Assets.xcassets */; };
		B9BF6CF9244EBB6900DC9B1E /* LaunchScreen.storyboard in Resources */ = {isa = PBXBuildFile; fileRef = B9BF6CF7244EBB6900DC9B1E /* LaunchScreen.storyboard */; };
		B9DD97FE24532C6D0084D96C /* User.swift in Sources */ = {isa = PBXBuildFile; fileRef = B9DD97FD24532C6D0084D96C /* User.swift */; };
		B9DD980324532D490084D96C /* FriendCD+CoreDataClass.swift in Sources */ = {isa = PBXBuildFile; fileRef = B9DD97FF24532D490084D96C /* FriendCD+CoreDataClass.swift */; };
		B9DD980424532D490084D96C /* FriendCD+CoreDataProperties.swift in Sources */ = {isa = PBXBuildFile; fileRef = B9DD980024532D490084D96C /* FriendCD+CoreDataProperties.swift */; };
		B9DD980524532D490084D96C /* UserCD+CoreDataClass.swift in Sources */ = {isa = PBXBuildFile; fileRef = B9DD980124532D490084D96C /* UserCD+CoreDataClass.swift */; };
		B9DD980624532D490084D96C /* UserCD+CoreDataProperties.swift in Sources */ = {isa = PBXBuildFile; fileRef = B9DD980224532D490084D96C /* UserCD+CoreDataProperties.swift */; };
		B9E4EABE2454C2D200ACEB9B /* FriendFace.xcdatamodeld in Sources */ = {isa = PBXBuildFile; fileRef = B9E4EABC2454C2D100ACEB9B /* FriendFace.xcdatamodeld */; };
		B9E4EAC02454C62200ACEB9B /* AppDelegate.swift in Sources */ = {isa = PBXBuildFile; fileRef = B9E4EABF2454C62200ACEB9B /* AppDelegate.swift */; };
		B9E4EAC22454C65A00ACEB9B /* SceneDelegate.swift in Sources */ = {isa = PBXBuildFile; fileRef = B9E4EAC12454C65A00ACEB9B /* SceneDelegate.swift */; };
/* End PBXBuildFile section */

/* Begin PBXFileReference section */
		B919B0C324517597001A5A64 /* UserDetailsView.swift */ = {isa = PBXFileReference; lastKnownFileType = sourcecode.swift; path = UserDetailsView.swift; sourceTree = "<group>"; };
		B98AC0342451C0770025343B /* FriendDetailsView.swift */ = {isa = PBXFileReference; lastKnownFileType = sourcecode.swift; path = FriendDetailsView.swift; sourceTree = "<group>"; };
		B9BF6CE9244EBB6000DC9B1E /* FriendFace.app */ = {isa = PBXFileReference; explicitFileType = wrapper.application; includeInIndex = 0; path = FriendFace.app; sourceTree = BUILT_PRODUCTS_DIR; };
		B9BF6CF0244EBB6000DC9B1E /* ContentView.swift */ = {isa = PBXFileReference; lastKnownFileType = sourcecode.swift; path = ContentView.swift; sourceTree = "<group>"; };
		B9BF6CF2244EBB6900DC9B1E /* Assets.xcassets */ = {isa = PBXFileReference; lastKnownFileType = folder.assetcatalog; path = Assets.xcassets; sourceTree = "<group>"; };
		B9BF6CF5244EBB6900DC9B1E /* Preview Assets.xcassets */ = {isa = PBXFileReference; lastKnownFileType = folder.assetcatalog; path = "Preview Assets.xcassets"; sourceTree = "<group>"; };
		B9BF6CF8244EBB6900DC9B1E /* Base */ = {isa = PBXFileReference; lastKnownFileType = file.storyboard; name = Base; path = Base.lproj/LaunchScreen.storyboard; sourceTree = "<group>"; };
		B9BF6CFA244EBB6900DC9B1E /* Info.plist */ = {isa = PBXFileReference; lastKnownFileType = text.plist.xml; path = Info.plist; sourceTree = "<group>"; };
		B9DD97FD24532C6D0084D96C /* User.swift */ = {isa = PBXFileReference; fileEncoding = 4; lastKnownFileType = sourcecode.swift; path = User.swift; sourceTree = "<group>"; };
		B9DD97FF24532D490084D96C /* FriendCD+CoreDataClass.swift */ = {isa = PBXFileReference; lastKnownFileType = sourcecode.swift; path = "FriendCD+CoreDataClass.swift"; sourceTree = SOURCE_ROOT; };
		B9DD980024532D490084D96C /* FriendCD+CoreDataProperties.swift */ = {isa = PBXFileReference; lastKnownFileType = sourcecode.swift; path = "FriendCD+CoreDataProperties.swift"; sourceTree = SOURCE_ROOT; };
		B9DD980124532D490084D96C /* UserCD+CoreDataClass.swift */ = {isa = PBXFileReference; lastKnownFileType = sourcecode.swift; path = "UserCD+CoreDataClass.swift"; sourceTree = SOURCE_ROOT; };
		B9DD980224532D490084D96C /* UserCD+CoreDataProperties.swift */ = {isa = PBXFileReference; lastKnownFileType = sourcecode.swift; path = "UserCD+CoreDataProperties.swift"; sourceTree = SOURCE_ROOT; };
		B9E4EABD2454C2D100ACEB9B /* FriendFace.xcdatamodel */ = {isa = PBXFileReference; lastKnownFileType = wrapper.xcdatamodel; path = FriendFace.xcdatamodel; sourceTree = "<group>"; };
		B9E4EABF2454C62200ACEB9B /* AppDelegate.swift */ = {isa = PBXFileReference; fileEncoding = 4; lastKnownFileType = sourcecode.swift; name = AppDelegate.swift; path = "../../../training/HackingWithSwift-master/SwiftUI/project12/Project12/AppDelegate.swift"; sourceTree = "<group>"; };
		B9E4EAC12454C65A00ACEB9B /* SceneDelegate.swift */ = {isa = PBXFileReference; fileEncoding = 4; lastKnownFileType = sourcecode.swift; name = SceneDelegate.swift; path = "../../../training/HackingWithSwift-master/SwiftUI/project12/Project12/SceneDelegate.swift"; sourceTree = "<group>"; };
/* End PBXFileReference section */

/* Begin PBXFrameworksBuildPhase section */
		B9BF6CE6244EBB6000DC9B1E /* Frameworks */ = {
			isa = PBXFrameworksBuildPhase;
			buildActionMask = 2147483647;
			files = (
			);
			runOnlyForDeploymentPostprocessing = 0;
		};
/* End PBXFrameworksBuildPhase section */

/* Begin PBXGroup section */
		B9BF6CE0244EBB6000DC9B1E = {
			isa = PBXGroup;
			children = (
				B9BF6CEB244EBB6000DC9B1E /* FriendFace */,
				B9BF6CEA244EBB6000DC9B1E /* Products */,
			);
			sourceTree = "<group>";
		};
		B9BF6CEA244EBB6000DC9B1E /* Products */ = {
			isa = PBXGroup;
			children = (
				B9BF6CE9244EBB6000DC9B1E /* FriendFace.app */,
			);
			name = Products;
			sourceTree = "<group>";
		};
		B9BF6CEB244EBB6000DC9B1E /* FriendFace */ = {
			isa = PBXGroup;
			children = (
				B9DD97FF24532D490084D96C /* FriendCD+CoreDataClass.swift */,
				B9DD980024532D490084D96C /* FriendCD+CoreDataProperties.swift */,
				B9DD980124532D490084D96C /* UserCD+CoreDataClass.swift */,
				B9DD980224532D490084D96C /* UserCD+CoreDataProperties.swift */,
				B9E4EABF2454C62200ACEB9B /* AppDelegate.swift */,
				B9E4EAC12454C65A00ACEB9B /* SceneDelegate.swift */,
				B9DD97FD24532C6D0084D96C /* User.swift */,
				B9BF6CF0244EBB6000DC9B1E /* ContentView.swift */,
				B919B0C324517597001A5A64 /* UserDetailsView.swift */,
				B98AC0342451C0770025343B /* FriendDetailsView.swift */,
				B9BF6CF2244EBB6900DC9B1E /* Assets.xcassets */,
				B9BF6CF7244EBB6900DC9B1E /* LaunchScreen.storyboard */,
				B9BF6CFA244EBB6900DC9B1E /* Info.plist */,
				B9E4EABC2454C2D100ACEB9B /* FriendFace.xcdatamodeld */,
				B9BF6CF4244EBB6900DC9B1E /* Preview Content */,
			);
			path = FriendFace;
			sourceTree = "<group>";
		};
		B9BF6CF4244EBB6900DC9B1E /* Preview Content */ = {
			isa = PBXGroup;
			children = (
				B9BF6CF5244EBB6900DC9B1E /* Preview Assets.xcassets */,
			);
			path = "Preview Content";
			sourceTree = "<group>";
		};
/* End PBXGroup section */

/* Begin PBXNativeTarget section */
		B9BF6CE8244EBB6000DC9B1E /* FriendFace */ = {
			isa = PBXNativeTarget;
			buildConfigurationList = B9BF6CFD244EBB6900DC9B1E /* Build configuration list for PBXNativeTarget "FriendFace" */;
			buildPhases = (
				B9BF6CE5244EBB6000DC9B1E /* Sources */,
				B9BF6CE6244EBB6000DC9B1E /* Frameworks */,
				B9BF6CE7244EBB6000DC9B1E /* Resources */,
			);
			buildRules = (
			);
			dependencies = (
			);
			name = FriendFace;
			productName = FriendFace;
			productReference = B9BF6CE9244EBB6000DC9B1E /* FriendFace.app */;
			productType = "com.apple.product-type.application";
		};
/* End PBXNativeTarget section */

/* Begin PBXProject section */
		B9BF6CE1244EBB6000DC9B1E /* Project object */ = {
			isa = PBXProject;
			attributes = {
				LastSwiftUpdateCheck = 1120;
				LastUpgradeCheck = 1120;
				ORGANIZATIONNAME = "slava bily";
				TargetAttributes = {
					B9BF6CE8244EBB6000DC9B1E = {
						CreatedOnToolsVersion = 11.2.1;
					};
				};
			};
			buildConfigurationList = B9BF6CE4244EBB6000DC9B1E /* Build configuration list for PBXProject "FriendFace" */;
			compatibilityVersion = "Xcode 9.3";
			developmentRegion = en;
			hasScannedForEncodings = 0;
			knownRegions = (
				en,
				Base,
			);
			mainGroup = B9BF6CE0244EBB6000DC9B1E;
			productRefGroup = B9BF6CEA244EBB6000DC9B1E /* Products */;
			projectDirPath = "";
			projectRoot = "";
			targets = (
				B9BF6CE8244EBB6000DC9B1E /* FriendFace */,
			);
		};
/* End PBXProject section */

/* Begin PBXResourcesBuildPhase section */
		B9BF6CE7244EBB6000DC9B1E /* Resources */ = {
			isa = PBXResourcesBuildPhase;
			buildActionMask = 2147483647;
			files = (
				B9BF6CF9244EBB6900DC9B1E /* LaunchScreen.storyboard in Resources */,
				B9BF6CF6244EBB6900DC9B1E /* Preview Assets.xcassets in Resources */,
				B9BF6CF3244EBB6900DC9B1E /* Assets.xcassets in Resources */,
			);
			runOnlyForDeploymentPostprocessing = 0;
		};
/* End PBXResourcesBuildPhase section */

/* Begin PBXSourcesBuildPhase section */
		B9BF6CE5244EBB6000DC9B1E /* Sources */ = {
			isa = PBXSourcesBuildPhase;
			buildActionMask = 2147483647;
			files = (
				B9E4EAC02454C62200ACEB9B /* AppDelegate.swift in Sources */,
				B9E4EABE2454C2D200ACEB9B /* FriendFace.xcdatamodeld in Sources */,
				B919B0C424517597001A5A64 /* UserDetailsView.swift in Sources */,
				B9DD980524532D490084D96C /* UserCD+CoreDataClass.swift in Sources */,
				B9DD980424532D490084D96C /* FriendCD+CoreDataProperties.swift in Sources */,
				B9DD980324532D490084D96C /* FriendCD+CoreDataClass.swift in Sources */,
				B98AC0352451C0770025343B /* FriendDetailsView.swift in Sources */,
				B9DD980624532D490084D96C /* UserCD+CoreDataProperties.swift in Sources */,
				B9BF6CF1244EBB6000DC9B1E /* ContentView.swift in Sources */,
				B9DD97FE24532C6D0084D96C /* User.swift in Sources */,
				B9E4EAC22454C65A00ACEB9B /* SceneDelegate.swift in Sources */,
			);
			runOnlyForDeploymentPostprocessing = 0;
		};
/* End PBXSourcesBuildPhase section */

/* Begin PBXVariantGroup section */
		B9BF6CF7244EBB6900DC9B1E /* LaunchScreen.storyboard */ = {
			isa = PBXVariantGroup;
			children = (
				B9BF6CF8244EBB6900DC9B1E /* Base */,
			);
			name = LaunchScreen.storyboard;
			sourceTree = "<group>";
		};
/* End PBXVariantGroup section */

/* Begin XCBuildConfiguration section */
		B9BF6CFB244EBB6900DC9B1E /* Debug */ = {
			isa = XCBuildConfiguration;
			buildSettings = {
				ALWAYS_SEARCH_USER_PATHS = NO;
				CLANG_ANALYZER_NONNULL = YES;
				CLANG_ANALYZER_NUMBER_OBJECT_CONVERSION = YES_AGGRESSIVE;
				CLANG_CXX_LANGUAGE_STANDARD = "gnu++14";
				CLANG_CXX_LIBRARY = "libc++";
				CLANG_ENABLE_MODULES = YES;
				CLANG_ENABLE_OBJC_ARC = YES;
				CLANG_ENABLE_OBJC_WEAK = YES;
				CLANG_WARN_BLOCK_CAPTURE_AUTORELEASING = YES;
				CLANG_WARN_BOOL_CONVERSION = YES;
				CLANG_WARN_COMMA = YES;
				CLANG_WARN_CONSTANT_CONVERSION = YES;
				CLANG_WARN_DEPRECATED_OBJC_IMPLEMENTATIONS = YES;
				CLANG_WARN_DIRECT_OBJC_ISA_USAGE = YES_ERROR;
				CLANG_WARN_DOCUMENTATION_COMMENTS = YES;
				CLANG_WARN_EMPTY_BODY = YES;
				CLANG_WARN_ENUM_CONVERSION = YES;
				CLANG_WARN_INFINITE_RECURSION = YES;
				CLANG_WARN_INT_CONVERSION = YES;
				CLANG_WARN_NON_LITERAL_NULL_CONVERSION = YES;
				CLANG_WARN_OBJC_IMPLICIT_RETAIN_SELF = YES;
				CLANG_WARN_OBJC_LITERAL_CONVERSION = YES;
				CLANG_WARN_OBJC_ROOT_CLASS = YES_ERROR;
				CLANG_WARN_RANGE_LOOP_ANALYSIS = YES;
				CLANG_WARN_STRICT_PROTOTYPES = YES;
				CLANG_WARN_SUSPICIOUS_MOVE = YES;
				CLANG_WARN_UNGUARDED_AVAILABILITY = YES_AGGRESSIVE;
				CLANG_WARN_UNREACHABLE_CODE = YES;
				CLANG_WARN__DUPLICATE_METHOD_MATCH = YES;
				COPY_PHASE_STRIP = NO;
				DEBUG_INFORMATION_FORMAT = dwarf;
				ENABLE_STRICT_OBJC_MSGSEND = YES;
				ENABLE_TESTABILITY = YES;
				GCC_C_LANGUAGE_STANDARD = gnu11;
				GCC_DYNAMIC_NO_PIC = NO;
				GCC_NO_COMMON_BLOCKS = YES;
				GCC_OPTIMIZATION_LEVEL = 0;
				GCC_PREPROCESSOR_DEFINITIONS = (
					"DEBUG=1",
					"$(inherited)",
				);
				GCC_WARN_64_TO_32_BIT_CONVERSION = YES;
				GCC_WARN_ABOUT_RETURN_TYPE = YES_ERROR;
				GCC_WARN_UNDECLARED_SELECTOR = YES;
				GCC_WARN_UNINITIALIZED_AUTOS = YES_AGGRESSIVE;
				GCC_WARN_UNUSED_FUNCTION = YES;
				GCC_WARN_UNUSED_VARIABLE = YES;
				IPHONEOS_DEPLOYMENT_TARGET = 13.2;
				MTL_ENABLE_DEBUG_INFO = INCLUDE_SOURCE;
				MTL_FAST_MATH = YES;
				ONLY_ACTIVE_ARCH = YES;
				SDKROOT = iphoneos;
				SWIFT_ACTIVE_COMPILATION_CONDITIONS = DEBUG;
				SWIFT_OPTIMIZATION_LEVEL = "-Onone";
			};
			name = Debug;
		};
		B9BF6CFC244EBB6900DC9B1E /* Release */ = {
			isa = XCBuildConfiguration;
			buildSettings = {
				ALWAYS_SEARCH_USER_PATHS = NO;
				CLANG_ANALYZER_NONNULL = YES;
				CLANG_ANALYZER_NUMBER_OBJECT_CONVERSION = YES_AGGRESSIVE;
				CLANG_CXX_LANGUAGE_STANDARD = "gnu++14";
				CLANG_CXX_LIBRARY = "libc++";
				CLANG_ENABLE_MODULES = YES;
				CLANG_ENABLE_OBJC_ARC = YES;
				CLANG_ENABLE_OBJC_WEAK = YES;
				CLANG_WARN_BLOCK_CAPTURE_AUTORELEASING = YES;
				CLANG_WARN_BOOL_CONVERSION = YES;
				CLANG_WARN_COMMA = YES;
				CLANG_WARN_CONSTANT_CONVERSION = YES;
				CLANG_WARN_DEPRECATED_OBJC_IMPLEMENTATIONS = YES;
				CLANG_WARN_DIRECT_OBJC_ISA_USAGE = YES_ERROR;
				CLANG_WARN_DOCUMENTATION_COMMENTS = YES;
				CLANG_WARN_EMPTY_BODY = YES;
				CLANG_WARN_ENUM_CONVERSION = YES;
				CLANG_WARN_INFINITE_RECURSION = YES;
				CLANG_WARN_INT_CONVERSION = YES;
				CLANG_WARN_NON_LITERAL_NULL_CONVERSION = YES;
				CLANG_WARN_OBJC_IMPLICIT_RETAIN_SELF = YES;
				CLANG_WARN_OBJC_LITERAL_CONVERSION = YES;
				CLANG_WARN_OBJC_ROOT_CLASS = YES_ERROR;
				CLANG_WARN_RANGE_LOOP_ANALYSIS = YES;
				CLANG_WARN_STRICT_PROTOTYPES = YES;
				CLANG_WARN_SUSPICIOUS_MOVE = YES;
				CLANG_WARN_UNGUARDED_AVAILABILITY = YES_AGGRESSIVE;
				CLANG_WARN_UNREACHABLE_CODE = YES;
				CLANG_WARN__DUPLICATE_METHOD_MATCH = YES;
				COPY_PHASE_STRIP = NO;
				DEBUG_INFORMATION_FORMAT = "dwarf-with-dsym";
				ENABLE_NS_ASSERTIONS = NO;
				ENABLE_STRICT_OBJC_MSGSEND = YES;
				GCC_C_LANGUAGE_STANDARD = gnu11;
				GCC_NO_COMMON_BLOCKS = YES;
				GCC_WARN_64_TO_32_BIT_CONVERSION = YES;
				GCC_WARN_ABOUT_RETURN_TYPE = YES_ERROR;
				GCC_WARN_UNDECLARED_SELECTOR = YES;
				GCC_WARN_UNINITIALIZED_AUTOS = YES_AGGRESSIVE;
				GCC_WARN_UNUSED_FUNCTION = YES;
				GCC_WARN_UNUSED_VARIABLE = YES;
				IPHONEOS_DEPLOYMENT_TARGET = 13.2;
				MTL_ENABLE_DEBUG_INFO = NO;
				MTL_FAST_MATH = YES;
				SDKROOT = iphoneos;
				SWIFT_COMPILATION_MODE = wholemodule;
				SWIFT_OPTIMIZATION_LEVEL = "-O";
				VALIDATE_PRODUCT = YES;
			};
			name = Release;
		};
		B9BF6CFE244EBB6900DC9B1E /* Debug */ = {
			isa = XCBuildConfiguration;
			buildSettings = {
				ASSETCATALOG_COMPILER_APPICON_NAME = AppIcon;
				CODE_SIGN_STYLE = Automatic;
				DEVELOPMENT_ASSET_PATHS = "\"FriendFace/Preview Content\"";
				DEVELOPMENT_TEAM = L6T2S9K4GS;
				ENABLE_PREVIEWS = YES;
				INFOPLIST_FILE = FriendFace/Info.plist;
				LD_RUNPATH_SEARCH_PATHS = (
					"$(inherited)",
					"@executable_path/Frameworks",
				);
				PRODUCT_BUNDLE_IDENTIFIER = me.Bily.Vyacheslav.FriendFace;
				PRODUCT_NAME = "$(TARGET_NAME)";
				SWIFT_VERSION = 5.0;
				TARGETED_DEVICE_FAMILY = "1,2";
			};
			name = Debug;
		};
		B9BF6CFF244EBB6900DC9B1E /* Release */ = {
			isa = XCBuildConfiguration;
			buildSettings = {
				ASSETCATALOG_COMPILER_APPICON_NAME = AppIcon;
				CODE_SIGN_STYLE = Automatic;
				DEVELOPMENT_ASSET_PATHS = "\"FriendFace/Preview Content\"";
				DEVELOPMENT_TEAM = L6T2S9K4GS;
				ENABLE_PREVIEWS = YES;
				INFOPLIST_FILE = FriendFace/Info.plist;
				LD_RUNPATH_SEARCH_PATHS = (
					"$(inherited)",
					"@executable_path/Frameworks",
				);
				PRODUCT_BUNDLE_IDENTIFIER = me.Bily.Vyacheslav.FriendFace;
				PRODUCT_NAME = "$(TARGET_NAME)";
				SWIFT_VERSION = 5.0;
				TARGETED_DEVICE_FAMILY = "1,2";
			};
			name = Release;
		};
/* End XCBuildConfiguration section */

/* Begin XCConfigurationList section */
		B9BF6CE4244EBB6000DC9B1E /* Build configuration list for PBXProject "FriendFace" */ = {
			isa = XCConfigurationList;
			buildConfigurations = (
				B9BF6CFB244EBB6900DC9B1E /* Debug */,
				B9BF6CFC244EBB6900DC9B1E /* Release */,
			);
			defaultConfigurationIsVisible = 0;
			defaultConfigurationName = Release;
		};
		B9BF6CFD244EBB6900DC9B1E /* Build configuration list for PBXNativeTarget "FriendFace" */ = {
			isa = XCConfigurationList;
			buildConfigurations = (
				B9BF6CFE244EBB6900DC9B1E /* Debug */,
				B9BF6CFF244EBB6900DC9B1E /* Release */,
			);
			defaultConfigurationIsVisible = 0;
			defaultConfigurationName = Release;
		};
/* End XCConfigurationList section */

/* Begin XCVersionGroup section */
		B9E4EABC2454C2D100ACEB9B /* FriendFace.xcdatamodeld */ = {
			isa = XCVersionGroup;
			children = (
				B9E4EABD2454C2D100ACEB9B /* FriendFace.xcdatamodel */,
			);
			currentVersion = B9E4EABD2454C2D100ACEB9B /* FriendFace.xcdatamodel */;
			path = FriendFace.xcdatamodeld;
			sourceTree = "<group>";
			versionGroupType = wrapper.xcdatamodel;
		};
/* End XCVersionGroup section */
	};
	rootObject = B9BF6CE1244EBB6000DC9B1E /* Project object */;
}
